
Microsoft Visual Studio Solution File, Format Version 12.00
# Visual Studio Version 17
VisualStudioVersion = 17.5.002.0
MinimumVisualStudioVersion = 10.0.40219.1
Project("{9A19103F-16F7-4668-BE54-9A1E7A4F7556}") = "LHPet", "LHPet.csproj", "{97562346-3C9A-48A4-BA37-47DEFD8DE359}"
EndProject
Global
	GlobalSection(SolutionConfigurationPlatforms) = preSolution
		Debug|Any CPU = Debug|Any CPU
		Release|Any CPU = Release|Any CPU
	EndGlobalSection
	GlobalSection(ProjectConfigurationPlatforms) = postSolution
		{97562346-3C9A-48A4-BA37-47DEFD8DE359}.Debug|Any CPU.ActiveCfg = Debug|Any CPU
		{97562346-3C9A-48A4-BA37-47DEFD8DE359}.Debug|Any CPU.Build.0 = Debug|Any CPU
		{97562346-3C9A-48A4-BA37-47DEFD8DE359}.Release|Any CPU.ActiveCfg = Release|Any CPU
		{97562346-3C9A-48A4-BA37-47DEFD8DE359}.Release|Any CPU.Build.0 = Release|Any CPU
	EndGlobalSection
	GlobalSection(SolutionProperties) = preSolution
		HideSolutionNode = FALSE
	EndGlobalSection
	GlobalSection(ExtensibilityGlobals) = postSolution
		SolutionGuid = {054C15CA-9DC7-4218-B13E-841B68CF90C0}
	EndGlobalSection
EndGlobal
